
Microsoft Visual Studio Solution File, Format Version 12.00
# Visual Studio Version 16
VisualStudioVersion = 16.0.31424.327
MinimumVisualStudioVersion = 10.0.40219.1
Project("{9A19103F-16F7-4668-BE54-9A1E7A4F7556}") = "EnsekMeterReadingManager", "EnsekMeterReadingManager\EnsekMeterReadingManager.csproj", "{ABE244AA-C6CF-4271-B9AF-FE30B6FEF3BC}"
EndProject
Project("{2150E333-8FDC-42A3-9474-1A3956D46DE8}") = "Solution Items", "Solution Items", "{D0EE0DE6-86D3-4EEB-BE6F-B11235AE8385}"
	ProjectSection(SolutionItems) = preProject
		Readme.md = Readme.md
	EndProjectSection
EndProject
Project("{FAE04EC0-301F-11D3-BF4B-00C04F79EFBC}") = "EnsekMeterReadingManagerTests", "EnsekMeterReadingManagerTests\EnsekMeterReadingManagerTests.csproj", "{2EC8FAA5-8789-4872-847A-3FAB725DC073}"
EndProject
Global
	GlobalSection(SolutionConfigurationPlatforms) = preSolution
		Debug|Any CPU = Debug|Any CPU
		Release|Any CPU = Release|Any CPU
	EndGlobalSection
	GlobalSection(ProjectConfigurationPlatforms) = postSolution
		{ABE244AA-C6CF-4271-B9AF-FE30B6FEF3BC}.Debug|Any CPU.ActiveCfg = Debug|Any CPU
		{ABE244AA-C6CF-4271-B9AF-FE30B6FEF3BC}.Debug|Any CPU.Build.0 = Debug|Any CPU
		{ABE244AA-C6CF-4271-B9AF-FE30B6FEF3BC}.Release|Any CPU.ActiveCfg = Release|Any CPU
		{ABE244AA-C6CF-4271-B9AF-FE30B6FEF3BC}.Release|Any CPU.Build.0 = Release|Any CPU
		{2EC8FAA5-8789-4872-847A-3FAB725DC073}.Debug|Any CPU.ActiveCfg = Debug|Any CPU
		{2EC8FAA5-8789-4872-847A-3FAB725DC073}.Debug|Any CPU.Build.0 = Debug|Any CPU
		{2EC8FAA5-8789-4872-847A-3FAB725DC073}.Release|Any CPU.ActiveCfg = Release|Any CPU
		{2EC8FAA5-8789-4872-847A-3FAB725DC073}.Release|Any CPU.Build.0 = Release|Any CPU
	EndGlobalSection
	GlobalSection(SolutionProperties) = preSolution
		HideSolutionNode = FALSE
	EndGlobalSection
	GlobalSection(ExtensibilityGlobals) = postSolution
		SolutionGuid = {6F74F1FD-B0E5-4F0B-9EFB-A13FFD79D220}
	EndGlobalSection
EndGlobal
